// !$*UTF8*$!
{
	archiveVersion = 1;
	classes = {
	};
	objectVersion = 50;
	objects = {

/* Begin PBXBuildFile section */
		CC09E66E249265850026CA61 /* Elements.cpp in Sources */ = {isa = PBXBuildFile; fileRef = CC09E66C249265850026CA61 /* Elements.cpp */; };
		CC09E6712493BC340026CA61 /* Cubik.cpp in Sources */ = {isa = PBXBuildFile; fileRef = CC09E66F2493BC340026CA61 /* Cubik.cpp */; };
		CC82729B24912BE80059246C /* main.cpp in Sources */ = {isa = PBXBuildFile; fileRef = CC82729A24912BE80059246C /* main.cpp */; };
		CC8272A324912BFC0059246C /* OpenGL.framework in Frameworks */ = {isa = PBXBuildFile; fileRef = CC8272A224912BFC0059246C /* OpenGL.framework */; };
		CC8272A524912C0A0059246C /* GLUT.framework in Frameworks */ = {isa = PBXBuildFile; fileRef = CC8272A424912C0A0059246C /* GLUT.framework */; };
/* End PBXBuildFile section */

/* Begin PBXCopyFilesBuildPhase section */
		CC82729524912BE80059246C /* CopyFiles */ = {
			isa = PBXCopyFilesBuildPhase;
			buildActionMask = 2147483647;
			dstPath = /usr/share/man/man1/;
			dstSubfolderSpec = 0;
			files = (
			);
			runOnlyForDeploymentPostprocessing = 1;
		};
/* End PBXCopyFilesBuildPhase section */

/* Begin PBXFileReference section */
		CC09E66924924F570026CA61 /* Display.hpp */ = {isa = PBXFileReference; lastKnownFileType = sourcecode.cpp.h; path = Display.hpp; sourceTree = "<group>"; };
		CC09E66A24924FAB0026CA61 /* Cubik.hpp */ = {isa = PBXFileReference; lastKnownFileType = sourcecode.cpp.h; path = Cubik.hpp; sourceTree = "<group>"; };
		CC09E66B249250320026CA61 /* Elements.hpp */ = {isa = PBXFileReference; lastKnownFileType = sourcecode.cpp.h; path = Elements.hpp; sourceTree = "<group>"; };
		CC09E66C249265850026CA61 /* Elements.cpp */ = {isa = PBXFileReference; lastKnownFileType = sourcecode.cpp.cpp; path = Elements.cpp; sourceTree = "<group>"; };
		CC09E66F2493BC340026CA61 /* Cubik.cpp */ = {isa = PBXFileReference; lastKnownFileType = sourcecode.cpp.cpp; path = Cubik.cpp; sourceTree = "<group>"; };
		CC82729724912BE80059246C /* Cube */ = {isa = PBXFileReference; explicitFileType = "compiled.mach-o.executable"; includeInIndex = 0; path = Cube; sourceTree = BUILT_PRODUCTS_DIR; };
		CC82729A24912BE80059246C /* main.cpp */ = {isa = PBXFileReference; lastKnownFileType = sourcecode.cpp.cpp; path = main.cpp; sourceTree = "<group>"; };
		CC8272A224912BFC0059246C /* OpenGL.framework */ = {isa = PBXFileReference; lastKnownFileType = wrapper.framework; name = OpenGL.framework; path = System/Library/Frameworks/OpenGL.framework; sourceTree = SDKROOT; };
		CC8272A424912C0A0059246C /* GLUT.framework */ = {isa = PBXFileReference; lastKnownFileType = wrapper.framework; name = GLUT.framework; path = System/Library/Frameworks/GLUT.framework; sourceTree = SDKROOT; };
		CC8272A62491315B0059246C /* Color.hpp */ = {isa = PBXFileReference; lastKnownFileType = sourcecode.cpp.h; path = Color.hpp; sourceTree = "<group>"; };
		CC8272A7249132020059246C /* Enum.hpp */ = {isa = PBXFileReference; lastKnownFileType = sourcecode.cpp.h; path = Enum.hpp; sourceTree = "<group>"; };
		CC8272A8249134090059246C /* Points.hpp */ = {isa = PBXFileReference; lastKnownFileType = sourcecode.cpp.h; path = Points.hpp; sourceTree = "<group>"; };
/* End PBXFileReference section */

/* Begin PBXFrameworksBuildPhase section */
		CC82729424912BE80059246C /* Frameworks */ = {
			isa = PBXFrameworksBuildPhase;
			buildActionMask = 2147483647;
			files = (
				CC8272A524912C0A0059246C /* GLUT.framework in Frameworks */,
				CC8272A324912BFC0059246C /* OpenGL.framework in Frameworks */,
			);
			runOnlyForDeploymentPostprocessing = 0;
		};
/* End PBXFrameworksBuildPhase section */

/* Begin PBXGroup section */
		CC82728E24912BE80059246C = {
			isa = PBXGroup;
			children = (
				CC82729924912BE80059246C /* Cube */,
				CC82729824912BE80059246C /* Products */,
				CC8272A124912BFC0059246C /* Frameworks */,
			);
			sourceTree = "<group>";
		};
		CC82729824912BE80059246C /* Products */ = {
			isa = PBXGroup;
			children = (
				CC82729724912BE80059246C /* Cube */,
			);
			name = Products;
			sourceTree = "<group>";
		};
		CC82729924912BE80059246C /* Cube */ = {
			isa = PBXGroup;
			children = (
				CC82729A24912BE80059246C /* main.cpp */,
				CC8272A8249134090059246C /* Points.hpp */,
				CC09E66C249265850026CA61 /* Elements.cpp */,
				CC8272A7249132020059246C /* Enum.hpp */,
				CC09E66A24924FAB0026CA61 /* Cubik.hpp */,
				CC09E66B249250320026CA61 /* Elements.hpp */,
				CC8272A62491315B0059246C /* Color.hpp */,
				CC09E66F2493BC340026CA61 /* Cubik.cpp */,
				CC09E66924924F570026CA61 /* Display.hpp */,
			);
			path = Cube;
			sourceTree = "<group>";
		};
		CC8272A124912BFC0059246C /* Frameworks */ = {
			isa = PBXGroup;
			children = (
				CC8272A424912C0A0059246C /* GLUT.framework */,
				CC8272A224912BFC0059246C /* OpenGL.framework */,
			);
			name = Frameworks;
			sourceTree = "<group>";
		};
/* End PBXGroup section */

/* Begin PBXNativeTarget section */
		CC82729624912BE80059246C /* Cube */ = {
			isa = PBXNativeTarget;
			buildConfigurationList = CC82729E24912BE80059246C /* Build configuration list for PBXNativeTarget "Cube" */;
			buildPhases = (
				CC82729324912BE80059246C /* Sources */,
				CC82729424912BE80059246C /* Frameworks */,
				CC82729524912BE80059246C /* CopyFiles */,
			);
			buildRules = (
			);
			dependencies = (
			);
			name = Cube;
			productName = Cube;
			productReference = CC82729724912BE80059246C /* Cube */;
			productType = "com.apple.product-type.tool";
		};
/* End PBXNativeTarget section */

/* Begin PBXProject section */
		CC82728F24912BE80059246C /* Project object */ = {
			isa = PBXProject;
			attributes = {
				LastUpgradeCheck = 1110;
				ORGANIZATIONNAME = "Жанна Руй";
				TargetAttributes = {
					CC82729624912BE80059246C = {
						CreatedOnToolsVersion = 11.1;
					};
				};
			};
			buildConfigurationList = CC82729224912BE80059246C /* Build configuration list for PBXProject "Cube" */;
			compatibilityVersion = "Xcode 9.3";
			developmentRegion = en;
			hasScannedForEncodings = 0;
			knownRegions = (
				en,
				Base,
			);
			mainGroup = CC82728E24912BE80059246C;
			productRefGroup = CC82729824912BE80059246C /* Products */;
			projectDirPath = "";
			projectRoot = "";
			targets = (
				CC82729624912BE80059246C /* Cube */,
			);
		};
/* End PBXProject section */

/* Begin PBXSourcesBuildPhase section */
		CC82729324912BE80059246C /* Sources */ = {
			isa = PBXSourcesBuildPhase;
			buildActionMask = 2147483647;
			files = (
				CC09E66E249265850026CA61 /* Elements.cpp in Sources */,
				CC09E6712493BC340026CA61 /* Cubik.cpp in Sources */,
				CC82729B24912BE80059246C /* main.cpp in Sources */,
			);
			runOnlyForDeploymentPostprocessing = 0;
		};
/* End PBXSourcesBuildPhase section */

/* Begin XCBuildConfiguration section */
		CC82729C24912BE80059246C /* Debug */ = {
			isa = XCBuildConfiguration;
			buildSettings = {
				ALWAYS_SEARCH_USER_PATHS = NO;
				CLANG_ANALYZER_NONNULL = YES;
				CLANG_ANALYZER_NUMBER_OBJECT_CONVERSION = YES_AGGRESSIVE;
				CLANG_CXX_LANGUAGE_STANDARD = "gnu++14";
				CLANG_CXX_LIBRARY = "libc++";
				CLANG_ENABLE_MODULES = YES;
				CLANG_ENABLE_OBJC_ARC = YES;
				CLANG_ENABLE_OBJC_WEAK = YES;
				CLANG_WARN_BLOCK_CAPTURE_AUTORELEASING = YES;
				CLANG_WARN_BOOL_CONVERSION = YES;
				CLANG_WARN_COMMA = YES;
				CLANG_WARN_CONSTANT_CONVERSION = YES;
				CLANG_WARN_DEPRECATED_OBJC_IMPLEMENTATIONS = YES;
				CLANG_WARN_DIRECT_OBJC_ISA_USAGE = YES_ERROR;
				CLANG_WARN_DOCUMENTATION_COMMENTS = YES;
				CLANG_WARN_EMPTY_BODY = YES;
				CLANG_WARN_ENUM_CONVERSION = YES;
				CLANG_WARN_INFINITE_RECURSION = YES;
				CLANG_WARN_INT_CONVERSION = YES;
				CLANG_WARN_NON_LITERAL_NULL_CONVERSION = YES;
				CLANG_WARN_OBJC_IMPLICIT_RETAIN_SELF = YES;
				CLANG_WARN_OBJC_LITERAL_CONVERSION = YES;
				CLANG_WARN_OBJC_ROOT_CLASS = YES_ERROR;
				CLANG_WARN_RANGE_LOOP_ANALYSIS = YES;
				CLANG_WARN_STRICT_PROTOTYPES = YES;
				CLANG_WARN_SUSPICIOUS_MOVE = YES;
				CLANG_WARN_UNGUARDED_AVAILABILITY = YES_AGGRESSIVE;
				CLANG_WARN_UNREACHABLE_CODE = YES;
				CLANG_WARN__DUPLICATE_METHOD_MATCH = YES;
				COPY_PHASE_STRIP = NO;
				DEBUG_INFORMATION_FORMAT = dwarf;
				ENABLE_STRICT_OBJC_MSGSEND = YES;
				ENABLE_TESTABILITY = YES;
				GCC_C_LANGUAGE_STANDARD = gnu11;
				GCC_DYNAMIC_NO_PIC = NO;
				GCC_NO_COMMON_BLOCKS = YES;
				GCC_OPTIMIZATION_LEVEL = 0;
				GCC_PREPROCESSOR_DEFINITIONS = (
					"DEBUG=1",
					"$(inherited)",
				);
				GCC_WARN_64_TO_32_BIT_CONVERSION = YES;
				GCC_WARN_ABOUT_RETURN_TYPE = YES_ERROR;
				GCC_WARN_UNDECLARED_SELECTOR = YES;
				GCC_WARN_UNINITIALIZED_AUTOS = YES_AGGRESSIVE;
				GCC_WARN_UNUSED_FUNCTION = YES;
				GCC_WARN_UNUSED_VARIABLE = YES;
				MACOSX_DEPLOYMENT_TARGET = 10.14;
				MTL_ENABLE_DEBUG_INFO = INCLUDE_SOURCE;
				MTL_FAST_MATH = YES;
				ONLY_ACTIVE_ARCH = YES;
				SDKROOT = macosx;
			};
			name = Debug;
		};
		CC82729D24912BE80059246C /* Release */ = {
			isa = XCBuildConfiguration;
			buildSettings = {
				ALWAYS_SEARCH_USER_PATHS = NO;
				CLANG_ANALYZER_NONNULL = YES;
				CLANG_ANALYZER_NUMBER_OBJECT_CONVERSION = YES_AGGRESSIVE;
				CLANG_CXX_LANGUAGE_STANDARD = "gnu++14";
				CLANG_CXX_LIBRARY = "libc++";
				CLANG_ENABLE_MODULES = YES;
				CLANG_ENABLE_OBJC_ARC = YES;
				CLANG_ENABLE_OBJC_WEAK = YES;
				CLANG_WARN_BLOCK_CAPTURE_AUTORELEASING = YES;
				CLANG_WARN_BOOL_CONVERSION = YES;
				CLANG_WARN_COMMA = YES;
				CLANG_WARN_CONSTANT_CONVERSION = YES;
				CLANG_WARN_DEPRECATED_OBJC_IMPLEMENTATIONS = YES;
				CLANG_WARN_DIRECT_OBJC_ISA_USAGE = YES_ERROR;
				CLANG_WARN_DOCUMENTATION_COMMENTS = YES;
				CLANG_WARN_EMPTY_BODY = YES;
				CLANG_WARN_ENUM_CONVERSION = YES;
				CLANG_WARN_INFINITE_RECURSION = YES;
				CLANG_WARN_INT_CONVERSION = YES;
				CLANG_WARN_NON_LITERAL_NULL_CONVERSION = YES;
				CLANG_WARN_OBJC_IMPLICIT_RETAIN_SELF = YES;
				CLANG_WARN_OBJC_LITERAL_CONVERSION = YES;
				CLANG_WARN_OBJC_ROOT_CLASS = YES_ERROR;
				CLANG_WARN_RANGE_LOOP_ANALYSIS = YES;
				CLANG_WARN_STRICT_PROTOTYPES = YES;
				CLANG_WARN_SUSPICIOUS_MOVE = YES;
				CLANG_WARN_UNGUARDED_AVAILABILITY = YES_AGGRESSIVE;
				CLANG_WARN_UNREACHABLE_CODE = YES;
				CLANG_WARN__DUPLICATE_METHOD_MATCH = YES;
				COPY_PHASE_STRIP = NO;
				DEBUG_INFORMATION_FORMAT = "dwarf-with-dsym";
				ENABLE_NS_ASSERTIONS = NO;
				ENABLE_STRICT_OBJC_MSGSEND = YES;
				GCC_C_LANGUAGE_STANDARD = gnu11;
				GCC_NO_COMMON_BLOCKS = YES;
				GCC_WARN_64_TO_32_BIT_CONVERSION = YES;
				GCC_WARN_ABOUT_RETURN_TYPE = YES_ERROR;
				GCC_WARN_UNDECLARED_SELECTOR = YES;
				GCC_WARN_UNINITIALIZED_AUTOS = YES_AGGRESSIVE;
				GCC_WARN_UNUSED_FUNCTION = YES;
				GCC_WARN_UNUSED_VARIABLE = YES;
				MACOSX_DEPLOYMENT_TARGET = 10.14;
				MTL_ENABLE_DEBUG_INFO = NO;
				MTL_FAST_MATH = YES;
				SDKROOT = macosx;
			};
			name = Release;
		};
		CC82729F24912BE80059246C /* Debug */ = {
			isa = XCBuildConfiguration;
			buildSettings = {
				CODE_SIGN_STYLE = Automatic;
				PRODUCT_NAME = "$(TARGET_NAME)";
			};
			name = Debug;
		};
		CC8272A024912BE80059246C /* Release */ = {
			isa = XCBuildConfiguration;
			buildSettings = {
				CODE_SIGN_STYLE = Automatic;
				PRODUCT_NAME = "$(TARGET_NAME)";
			};
			name = Release;
		};
/* End XCBuildConfiguration section */

/* Begin XCConfigurationList section */
		CC82729224912BE80059246C /* Build configuration list for PBXProject "Cube" */ = {
			isa = XCConfigurationList;
			buildConfigurations = (
				CC82729C24912BE80059246C /* Debug */,
				CC82729D24912BE80059246C /* Release */,
			);
			defaultConfigurationIsVisible = 0;
			defaultConfigurationName = Release;
		};
		CC82729E24912BE80059246C /* Build configuration list for PBXNativeTarget "Cube" */ = {
			isa = XCConfigurationList;
			buildConfigurations = (
				CC82729F24912BE80059246C /* Debug */,
				CC8272A024912BE80059246C /* Release */,
			);
			defaultConfigurationIsVisible = 0;
			defaultConfigurationName = Release;
		};
/* End XCConfigurationList section */
	};
	rootObject = CC82728F24912BE80059246C /* Project object */;
}
